
Microsoft Visual Studio Solution File, Format Version 12.00
# Visual Studio Version 17
VisualStudioVersion = 17.2.32602.215
MinimumVisualStudioVersion = 10.0.40219.1
Project("{FAE04EC0-301F-11D3-BF4B-00C04F79EFBC}") = "OcelotGateway", "OcelotGateway.csproj", "{42FA3119-482C-4E89-8535-09DA320EDA2C}"
EndProject
Global
	GlobalSection(SolutionConfigurationPlatforms) = preSolution
		Debug|Any CPU = Debug|Any CPU
		Release|Any CPU = Release|Any CPU
	EndGlobalSection
	GlobalSection(ProjectConfigurationPlatforms) = postSolution
		{42FA3119-482C-4E89-8535-09DA320EDA2C}.Debug|Any CPU.ActiveCfg = Debug|Any CPU
		{42FA3119-482C-4E89-8535-09DA320EDA2C}.Debug|Any CPU.Build.0 = Debug|Any CPU
		{42FA3119-482C-4E89-8535-09DA320EDA2C}.Release|Any CPU.ActiveCfg = Release|Any CPU
		{42FA3119-482C-4E89-8535-09DA320EDA2C}.Release|Any CPU.Build.0 = Release|Any CPU
	EndGlobalSection
	GlobalSection(SolutionProperties) = preSolution
		HideSolutionNode = FALSE
	EndGlobalSection
	GlobalSection(ExtensibilityGlobals) = postSolution
		SolutionGuid = {E4073AA9-48E8-4223-800F-051458E8F221}
	EndGlobalSection
EndGlobal
